{
    "psr/container": {
        "version": "1.0.0"
    },
    "psr/log": {
        "version": "1.0.2"
    },
    "symfony/console": {
        "version": "3.3",
        "recipe": {
            "repo": "github.com/symfony/recipes",
            "branch": "master",
            "version": "3.3",
            "ref": "e3868d2f4a5104f19f844fe551099a00c6562527"
        }
    },
    "symfony/debug": {
        "version": "v4.0.8"
    },
    "symfony/dotenv": {
        "version": "v4.0.8"
    },
    "symfony/polyfill-mbstring": {
        "version": "v1.7.0"
    }
}
